
Microsoft Visual Studio Solution File, Format Version 12.00
# Visual Studio Version 17
VisualStudioVersion = 17.2.32526.322
MinimumVisualStudioVersion = 10.0.40219.1
Project("{FAE04EC0-301F-11D3-BF4B-00C04F79EFBC}") = "LojaLegos", "LojaLegos\LojaLegos.csproj", "{36803CB3-051D-45DF-A993-6C0AEBDDCA95}"
EndProject
Global
	GlobalSection(SolutionConfigurationPlatforms) = preSolution
		Debug|Any CPU = Debug|Any CPU
		Release|Any CPU = Release|Any CPU
	EndGlobalSection
	GlobalSection(ProjectConfigurationPlatforms) = postSolution
		{36803CB3-051D-45DF-A993-6C0AEBDDCA95}.Debug|Any CPU.ActiveCfg = Debug|Any CPU
		{36803CB3-051D-45DF-A993-6C0AEBDDCA95}.Debug|Any CPU.Build.0 = Debug|Any CPU
		{36803CB3-051D-45DF-A993-6C0AEBDDCA95}.Release|Any CPU.ActiveCfg = Release|Any CPU
		{36803CB3-051D-45DF-A993-6C0AEBDDCA95}.Release|Any CPU.Build.0 = Release|Any CPU
	EndGlobalSection
	GlobalSection(SolutionProperties) = preSolution
		HideSolutionNode = FALSE
	EndGlobalSection
	GlobalSection(ExtensibilityGlobals) = postSolution
		SolutionGuid = {9F21C22F-2B48-4B5D-8AD9-6DD9029DCFCB}
	EndGlobalSection
EndGlobal
